
Microsoft Visual Studio Solution File, Format Version 11.00
# Visual Studio 2010
Project("{FAE04EC0-301F-11D3-BF4B-00C04F79EFBC}") = "COCASJOL.LOGIC", "COCASJOL.LOGIC\COCASJOL.LOGIC.csproj", "{4E2A8EDC-D2EC-4897-BFFA-D87CFCD3FE01}"
EndProject
Project("{FAE04EC0-301F-11D3-BF4B-00C04F79EFBC}") = "COCASJOL.WEBSITE", "COCASJOL.WEBSITE\COCASJOL.WEBSITE.csproj", "{78F2F462-5201-453D-8BE8-1FA7D1E6CC2E}"
EndProject
Global
	GlobalSection(SolutionConfigurationPlatforms) = preSolution
		Debug|Any CPU = Debug|Any CPU
		Release|Any CPU = Release|Any CPU
	EndGlobalSection
	GlobalSection(ProjectConfigurationPlatforms) = postSolution
		{4E2A8EDC-D2EC-4897-BFFA-D87CFCD3FE01}.Debug|Any CPU.ActiveCfg = Debug|Any CPU
		{4E2A8EDC-D2EC-4897-BFFA-D87CFCD3FE01}.Debug|Any CPU.Build.0 = Debug|Any CPU
		{4E2A8EDC-D2EC-4897-BFFA-D87CFCD3FE01}.Release|Any CPU.ActiveCfg = Release|Any CPU
		{4E2A8EDC-D2EC-4897-BFFA-D87CFCD3FE01}.Release|Any CPU.Build.0 = Release|Any CPU
		{78F2F462-5201-453D-8BE8-1FA7D1E6CC2E}.Debug|Any CPU.ActiveCfg = Debug|Any CPU
		{78F2F462-5201-453D-8BE8-1FA7D1E6CC2E}.Debug|Any CPU.Build.0 = Debug|Any CPU
		{78F2F462-5201-453D-8BE8-1FA7D1E6CC2E}.Release|Any CPU.ActiveCfg = Release|Any CPU
		{78F2F462-5201-453D-8BE8-1FA7D1E6CC2E}.Release|Any CPU.Build.0 = Release|Any CPU
	EndGlobalSection
	GlobalSection(SolutionProperties) = preSolution
		HideSolutionNode = FALSE
	EndGlobalSection
EndGlobal
